
Microsoft Visual Studio Solution File, Format Version 12.00
# Visual Studio Version 17
VisualStudioVersion = 17.9.34607.119
MinimumVisualStudioVersion = 10.0.40219.1
Project("{FAE04EC0-301F-11D3-BF4B-00C04F79EFBC}") = "ConsoleVeterinaryDoseCalculator", "ConsoleVeterinaryDoseCalculator.csproj", "{E8798748-1BAD-4A7E-B95B-7535BB556C2D}"
EndProject
Global
	GlobalSection(SolutionConfigurationPlatforms) = preSolution
		Debug|Any CPU = Debug|Any CPU
		Release|Any CPU = Release|Any CPU
	EndGlobalSection
	GlobalSection(ProjectConfigurationPlatforms) = postSolution
		{E8798748-1BAD-4A7E-B95B-7535BB556C2D}.Debug|Any CPU.ActiveCfg = Debug|Any CPU
		{E8798748-1BAD-4A7E-B95B-7535BB556C2D}.Debug|Any CPU.Build.0 = Debug|Any CPU
		{E8798748-1BAD-4A7E-B95B-7535BB556C2D}.Release|Any CPU.ActiveCfg = Release|Any CPU
		{E8798748-1BAD-4A7E-B95B-7535BB556C2D}.Release|Any CPU.Build.0 = Release|Any CPU
	EndGlobalSection
	GlobalSection(SolutionProperties) = preSolution
		HideSolutionNode = FALSE
	EndGlobalSection
	GlobalSection(ExtensibilityGlobals) = postSolution
		SolutionGuid = {C1C9B99A-1168-4D80-AA12-3C42087F5F38}
	EndGlobalSection
EndGlobal
