
Microsoft Visual Studio Solution File, Format Version 12.00
# Visual Studio Version 17
VisualStudioVersion = 17.9.34607.119
MinimumVisualStudioVersion = 10.0.40219.1
Project("{FAE04EC0-301F-11D3-BF4B-00C04F79EFBC}") = "ConsoleSimpleCalculator", "ConsoleSimpleCalculator.csproj", "{2F5B8911-A720-47DF-AB09-301592D9C66B}"
EndProject
Global
	GlobalSection(SolutionConfigurationPlatforms) = preSolution
		Debug|Any CPU = Debug|Any CPU
		Release|Any CPU = Release|Any CPU
	EndGlobalSection
	GlobalSection(ProjectConfigurationPlatforms) = postSolution
		{2F5B8911-A720-47DF-AB09-301592D9C66B}.Debug|Any CPU.ActiveCfg = Debug|Any CPU
		{2F5B8911-A720-47DF-AB09-301592D9C66B}.Debug|Any CPU.Build.0 = Debug|Any CPU
		{2F5B8911-A720-47DF-AB09-301592D9C66B}.Release|Any CPU.ActiveCfg = Release|Any CPU
		{2F5B8911-A720-47DF-AB09-301592D9C66B}.Release|Any CPU.Build.0 = Release|Any CPU
	EndGlobalSection
	GlobalSection(SolutionProperties) = preSolution
		HideSolutionNode = FALSE
	EndGlobalSection
	GlobalSection(ExtensibilityGlobals) = postSolution
		SolutionGuid = {ABF21D4E-01D5-4243-B922-C32CDF4C4920}
	EndGlobalSection
EndGlobal
